
Microsoft Visual Studio Solution File, Format Version 12.00
# Visual Studio Version 17
VisualStudioVersion = 17.0.31903.59
MinimumVisualStudioVersion = 10.0.40219.1
Project("{2150E333-8FDC-42A3-9474-1A3956D46DE8}") = "src", "src", "{119EEEF6-3AC3-4BF2-B150-3879C6C8F598}"
EndProject
Project("{FAE04EC0-301F-11D3-BF4B-00C04F79EFBC}") = "TodoApp.Api", "src\TodoApp.Api\TodoApp.Api.csproj", "{6503B62E-4CCF-4614-AC63-5CE50C6133AF}"
EndProject
Project("{2150E333-8FDC-42A3-9474-1A3956D46DE8}") = "tests", "tests", "{B0E49F32-16A9-41C9-BB84-5F2433C37E5A}"
EndProject
Project("{FAE04EC0-301F-11D3-BF4B-00C04F79EFBC}") = "TodoApp.IntegrationTests", "tests\TodoApp.IntegrationTests\TodoApp.IntegrationTests.csproj", "{8B32852E-47DF-4DC4-866E-7B11EAE5B45A}"
EndProject
Global
	GlobalSection(SolutionConfigurationPlatforms) = preSolution
		Debug|Any CPU = Debug|Any CPU
		Release|Any CPU = Release|Any CPU
	EndGlobalSection
	GlobalSection(SolutionProperties) = preSolution
		HideSolutionNode = FALSE
	EndGlobalSection
	GlobalSection(ProjectConfigurationPlatforms) = postSolution
		{6503B62E-4CCF-4614-AC63-5CE50C6133AF}.Debug|Any CPU.ActiveCfg = Debug|Any CPU
		{6503B62E-4CCF-4614-AC63-5CE50C6133AF}.Debug|Any CPU.Build.0 = Debug|Any CPU
		{6503B62E-4CCF-4614-AC63-5CE50C6133AF}.Release|Any CPU.ActiveCfg = Release|Any CPU
		{6503B62E-4CCF-4614-AC63-5CE50C6133AF}.Release|Any CPU.Build.0 = Release|Any CPU
		{8B32852E-47DF-4DC4-866E-7B11EAE5B45A}.Debug|Any CPU.ActiveCfg = Debug|Any CPU
		{8B32852E-47DF-4DC4-866E-7B11EAE5B45A}.Debug|Any CPU.Build.0 = Debug|Any CPU
		{8B32852E-47DF-4DC4-866E-7B11EAE5B45A}.Release|Any CPU.ActiveCfg = Release|Any CPU
		{8B32852E-47DF-4DC4-866E-7B11EAE5B45A}.Release|Any CPU.Build.0 = Release|Any CPU
	EndGlobalSection
	GlobalSection(NestedProjects) = preSolution
		{6503B62E-4CCF-4614-AC63-5CE50C6133AF} = {119EEEF6-3AC3-4BF2-B150-3879C6C8F598}
		{8B32852E-47DF-4DC4-866E-7B11EAE5B45A} = {B0E49F32-16A9-41C9-BB84-5F2433C37E5A}
	EndGlobalSection
EndGlobal
